
Microsoft Visual Studio Solution File, Format Version 12.00
# Visual Studio Version 17
VisualStudioVersion = 17.13.35931.197 d17.13
MinimumVisualStudioVersion = 10.0.40219.1
Project("{FAE04EC0-301F-11D3-BF4B-00C04F79EFBC}") = "AssignmentPortal", "AssignmentPortal\AssignmentPortal.csproj", "{B0A14704-0200-4AEE-807A-7884BA87D23B}"
EndProject
Global
	GlobalSection(SolutionConfigurationPlatforms) = preSolution
		Debug|Any CPU = Debug|Any CPU
		Release|Any CPU = Release|Any CPU
	EndGlobalSection
	GlobalSection(ProjectConfigurationPlatforms) = postSolution
		{B0A14704-0200-4AEE-807A-7884BA87D23B}.Debug|Any CPU.ActiveCfg = Debug|Any CPU
		{B0A14704-0200-4AEE-807A-7884BA87D23B}.Debug|Any CPU.Build.0 = Debug|Any CPU
		{B0A14704-0200-4AEE-807A-7884BA87D23B}.Release|Any CPU.ActiveCfg = Release|Any CPU
		{B0A14704-0200-4AEE-807A-7884BA87D23B}.Release|Any CPU.Build.0 = Release|Any CPU
	EndGlobalSection
	GlobalSection(SolutionProperties) = preSolution
		HideSolutionNode = FALSE
	EndGlobalSection
	GlobalSection(ExtensibilityGlobals) = postSolution
		SolutionGuid = {6EA250EC-F9DC-4C75-8CA4-C4879DEBF949}
	EndGlobalSection
EndGlobal
